Microsoft Visual Studio Solution File, Format Version 12.00
# Visual Studio Version 17
VisualStudioVersion = 17.5.2.0
MinimumVisualStudioVersion = 10.0.40219.1
Project("{FAE04EC0-301F-11D3-BF4B-00C04F79EFBC}") = "Meucachorro.Dominio", "Meucachorro.Dominio.csproj", "{A8743EB6-50C4-508B-F600-DD0E835CD53B}"
EndProject
Global
	GlobalSection(SolutionConfigurationPlatforms) = preSolution
		Debug|Any CPU = Debug|Any CPU
		Release|Any CPU = Release|Any CPU
	EndGlobalSection
	GlobalSection(ProjectConfigurationPlatforms) = postSolution
		{A8743EB6-50C4-508B-F600-DD0E835CD53B}.Debug|Any CPU.ActiveCfg = Debug|Any CPU
		{A8743EB6-50C4-508B-F600-DD0E835CD53B}.Debug|Any CPU.Build.0 = Debug|Any CPU
		{A8743EB6-50C4-508B-F600-DD0E835CD53B}.Release|Any CPU.ActiveCfg = Release|Any CPU
		{A8743EB6-50C4-508B-F600-DD0E835CD53B}.Release|Any CPU.Build.0 = Release|Any CPU
	EndGlobalSection
	GlobalSection(SolutionProperties) = preSolution
		HideSolutionNode = FALSE
	EndGlobalSection
	GlobalSection(ExtensibilityGlobals) = postSolution
		SolutionGuid = {543482E9-A1E2-40D1-85D8-F91DCA620FA0}
	EndGlobalSection
EndGlobal
